
Microsoft Visual Studio Solution File, Format Version 12.00
# Visual Studio Version 17
VisualStudioVersion = 17.8.34330.188
MinimumVisualStudioVersion = 10.0.40219.1
Project("{FAE04EC0-301F-11D3-BF4B-00C04F79EFBC}") = "CollecteDeDonnees", "CollecteDeDonnees\CollecteDeDonnees.csproj", "{C02F17BF-415E-4091-A469-B3182BA76CBE}"
EndProject
Project("{FAE04EC0-301F-11D3-BF4B-00C04F79EFBC}") = "LibraryDonnesAPI", "LibraryDonnesAPI\LibraryDonnesAPI.csproj", "{544F0DE7-234B-4F1D-BEE6-4E98D46AE416}"
EndProject
Global
	GlobalSection(SolutionConfigurationPlatforms) = preSolution
		Debug|Any CPU = Debug|Any CPU
		Release|Any CPU = Release|Any CPU
	EndGlobalSection
	GlobalSection(ProjectConfigurationPlatforms) = postSolution
		{C02F17BF-415E-4091-A469-B3182BA76CBE}.Debug|Any CPU.ActiveCfg = Debug|Any CPU
		{C02F17BF-415E-4091-A469-B3182BA76CBE}.Debug|Any CPU.Build.0 = Debug|Any CPU
		{C02F17BF-415E-4091-A469-B3182BA76CBE}.Release|Any CPU.ActiveCfg = Release|Any CPU
		{C02F17BF-415E-4091-A469-B3182BA76CBE}.Release|Any CPU.Build.0 = Release|Any CPU
		{544F0DE7-234B-4F1D-BEE6-4E98D46AE416}.Debug|Any CPU.ActiveCfg = Debug|Any CPU
		{544F0DE7-234B-4F1D-BEE6-4E98D46AE416}.Debug|Any CPU.Build.0 = Debug|Any CPU
		{544F0DE7-234B-4F1D-BEE6-4E98D46AE416}.Release|Any CPU.ActiveCfg = Release|Any CPU
		{544F0DE7-234B-4F1D-BEE6-4E98D46AE416}.Release|Any CPU.Build.0 = Release|Any CPU
	EndGlobalSection
	GlobalSection(SolutionProperties) = preSolution
		HideSolutionNode = FALSE
	EndGlobalSection
	GlobalSection(ExtensibilityGlobals) = postSolution
		SolutionGuid = {3072D6C0-B4BF-4580-B6B6-547F7659E36E}
	EndGlobalSection
EndGlobal
